{
  "requires": true,
  "lockfileVersion": 1,
  "dependencies": {
    "collections": {
      "version": "5.1.2",
      "resolved": "https://registry.npmjs.org/collections/-/collections-5.1.2.tgz",
      "integrity": "sha512-hG01lBeGUdQcUvkzYz6CdLIQqMkFIF40+mLmuy81JgC9+CelKFfA213DnvrNeUWTNGILGKOFVLK6OltDB/XIwg==",
      "requires": {
        "weak-map": "~1.0.x"
      }
    },
    "weak-map": {
      "version": "1.0.5",
      "resolved": "https://registry.npmjs.org/weak-map/-/weak-map-1.0.5.tgz",
      "integrity": "sha1-eWkVhNmGB/UHC9O3CkDmuyLkAes="
    }
  }
}
