{
  "requires": true,
  "lockfileVersion": 1,
  "dependencies": {
    "base64-min": {
      "version": "2.0.0",
      "resolved": "https://registry.npmjs.org/base64-min/-/base64-min-2.0.0.tgz",
      "integrity": "sha1-MWwzaM46jyyilBymlvkn3SY2eII="
    },
    "caesar-salad": {
      "version": "1.0.1",
      "resolved": "https://registry.npmjs.org/caesar-salad/-/caesar-salad-1.0.1.tgz",
      "integrity": "sha1-iF8dVMxOouWEfqS6XuJa3P151uA=",
      "requires": {
        "char-buffer": "^1.0.0"
      }
    },
    "char-buffer": {
      "version": "1.0.1",
      "resolved": "https://registry.npmjs.org/char-buffer/-/char-buffer-1.0.1.tgz",
      "integrity": "sha1-MDdhNdKg1Mi8JrkSw/hcf99JRmk="
    },
    "is-wsl": {
      "version": "1.1.0",
      "resolved": "https://registry.npmjs.org/is-wsl/-/is-wsl-1.1.0.tgz",
      "integrity": "sha1-HxbkqiKwTRM2tmGIpmrzxgDDpm0="
    },
    "opn": {
      "version": "5.3.0",
      "resolved": "https://registry.npmjs.org/opn/-/opn-5.3.0.tgz",
      "integrity": "sha512-bYJHo/LOmoTd+pfiYhfZDnf9zekVJrY+cnS2a5F2x+w5ppvTqObojTP7WiFG+kVZs9Inw+qQ/lw7TroWwhdd2g==",
      "requires": {
        "is-wsl": "^1.1.0"
      }
    },
    "qr-image": {
      "version": "3.2.0",
      "resolved": "https://registry.npmjs.org/qr-image/-/qr-image-3.2.0.tgz",
      "integrity": "sha1-n6gpW+rlDEoUnPn5CaHbRkqGcug="
    },
    "split": {
      "version": "0.3.3",
      "resolved": "https://registry.npmjs.org/split/-/split-0.3.3.tgz",
      "integrity": "sha1-zQ7qXmOiEd//frDwkcQTPi0N0o8=",
      "requires": {
        "through": "2"
      }
    },
    "stl": {
      "version": "1.1.1",
      "resolved": "https://registry.npmjs.org/stl/-/stl-1.1.1.tgz",
      "integrity": "sha1-0q8fjfs8Z0UPxpC7d+hTqlhQoCs=",
      "requires": {
        "split": "^0.3.0",
        "stream-fsm": "^0.3.1",
        "triangle-normal": "0.0.0"
      }
    },
    "stream-fsm": {
      "version": "0.3.1",
      "resolved": "https://registry.npmjs.org/stream-fsm/-/stream-fsm-0.3.1.tgz",
      "integrity": "sha1-AeJPo0FmvxSTofJq79SDzxw0MQo=",
      "requires": {
        "through": "~2.1.0"
      },
      "dependencies": {
        "through": {
          "version": "2.1.0",
          "resolved": "https://registry.npmjs.org/through/-/through-2.1.0.tgz",
          "integrity": "sha1-68rkh0X/2giK1rii/iDvPOjuG80="
        }
      }
    },
    "through": {
      "version": "2.3.8",
      "resolved": "https://registry.npmjs.org/through/-/through-2.3.8.tgz",
      "integrity": "sha1-DdTJ/6q8NXlgsbckEV1+Doai4fU="
    },
    "triangle-normal": {
      "version": "0.0.0",
      "resolved": "https://registry.npmjs.org/triangle-normal/-/triangle-normal-0.0.0.tgz",
      "integrity": "sha1-tnx6fIeleDR8HZcBMyb1oIKwaTc="
    }
  }
}
